[[tools."aqua:goreleaser/goreleaser"]]
version = "2.13.3"
backend = "aqua:goreleaser/goreleaser"
"platforms.linux-arm64" = { checksum = "sha256:156656d0f874542d618568bd50afd3d33ced2e8aab2c60cc7c21e1b9fa52031e", url = "https://github.com/goreleaser/goreleaser/releases/download/v2.13.3/goreleaser_Linux_arm64.tar.gz"}
"platforms.linux-x64" = { checksum = "sha256:4b66f2f78f78561330350651ade557b70328664718490f37834749073af21d20", url = "https://github.com/goreleaser/goreleaser/releases/download/v2.13.3/goreleaser_Linux_x86_64.tar.gz"}
"platforms.macos-arm64" = { checksum = "sha256:5516c37779efb3935d5b213cda3b0b9025ae94ddbcb51df6919acbcdef4194b0", url = "https://github.com/goreleaser/goreleaser/releases/download/v2.13.3/goreleaser_Darwin_all.tar.gz"}
"platforms.macos-x64" = { checksum = "sha256:5516c37779efb3935d5b213cda3b0b9025ae94ddbcb51df6919acbcdef4194b0", url = "https://github.com/goreleaser/goreleaser/releases/download/v2.13.3/goreleaser_Darwin_all.tar.gz"}
"platforms.windows-x64" = { checksum = "sha256:c5586c4ed749ca358ad61ed73ee4b8039cfa68daae8c23e69fb086d549dfb31d", url = "https://github.com/goreleaser/goreleaser/releases/download/v2.13.3/goreleaser_Windows_x86_64.zip"}

[[tools."aqua:int128/ghcp"]]
version = "1.15.1"
backend = "aqua:int128/ghcp"
"platforms.linux-arm64" = { checksum = "sha256:801db65a3ea5148c7a89f5201f8992963f2592fc17ed5fd88e4d996bad9542b2", url = "https://github.com/int128/ghcp/releases/download/v1.15.1/ghcp_linux_arm64.zip"}
"platforms.linux-x64" = { checksum = "sha256:c5ba74d0b2652a4375c4ae653b7c065024a619adcff40dedbfdd10d40e287d3d", url = "https://github.com/int128/ghcp/releases/download/v1.15.1/ghcp_linux_amd64.zip"}
"platforms.macos-arm64" = { checksum = "sha256:5a923e288ce67b454cd1c7d5118ebf4028e9f1905df3b1105ae8d05a1fe23a6e", url = "https://github.com/int128/ghcp/releases/download/v1.15.1/ghcp_darwin_arm64.zip"}
"platforms.macos-x64" = { checksum = "sha256:9fb8839ee08bc0d98973970f3fef88322e49e8486ac3bd80dce57dcea97035e2", url = "https://github.com/int128/ghcp/releases/download/v1.15.1/ghcp_darwin_amd64.zip"}
"platforms.windows-x64" = { checksum = "sha256:a7673944cefaa9955a3fefa5ddf5b03c4ccec2f7e5f0d14d2707804af88ba22b", url = "https://github.com/int128/ghcp/releases/download/v1.15.1/ghcp_windows_amd64.zip"}

[[tools.go]]
version = "1.23.12"
backend = "core:go"
"platforms.linux-arm64" = { checksum = "sha256:52ce172f96e21da53b1ae9079808560d49b02ac86cecfa457217597f9bc28ab3", url = "https://dl.google.com/go/go1.23.12.linux-arm64.tar.gz"}
"platforms.linux-x64" = { checksum = "sha256:d3847fef834e9db11bf64e3fb34db9c04db14e068eeb064f49af747010454f90", url = "https://dl.google.com/go/go1.23.12.linux-amd64.tar.gz"}
"platforms.macos-arm64" = { checksum = "sha256:5bfa117e401ae64e7ffb960243c448b535fe007e682a13ff6c7371f4a6f0ccaa", url = "https://dl.google.com/go/go1.23.12.darwin-arm64.tar.gz"}
"platforms.macos-x64" = { checksum = "sha256:0f6efdc3ffc6f03b230016acca0aef43c229de022d0ff401e7aa4ad4862eca8e", url = "https://dl.google.com/go/go1.23.12.darwin-amd64.tar.gz"}
"platforms.windows-x64" = { checksum = "sha256:07c35866cdd864b81bb6f1cfbf25ac7f87ddc3a976ede1bf5112acbb12dfe6dc", url = "https://dl.google.com/go/go1.23.12.windows-amd64.zip"}

[[tools.trunk]]
version = "1.3.4"
backend = "npm:@trunkio/launcher"
