# @generated - this file is auto-generated by `mise lock` https://mise.en.dev/dev-tools/mise-lock.html

[[tools."aqua:goreleaser/goreleaser"]]
version = "2.15.4"
backend = "aqua:goreleaser/goreleaser"

[tools."aqua:goreleaser/goreleaser"."platforms.linux-arm64"]
checksum = "sha256:de01ca1497571e9b348413cd2e7f74be49b8d57696ae386f7eedd06176544a88"
url = "https://github.com/goreleaser/goreleaser/releases/download/v2.15.4/goreleaser_Linux_arm64.tar.gz"
provenance = "github-attestations"

[tools."aqua:goreleaser/goreleaser"."platforms.linux-arm64-musl"]
checksum = "sha256:de01ca1497571e9b348413cd2e7f74be49b8d57696ae386f7eedd06176544a88"
url = "https://github.com/goreleaser/goreleaser/releases/download/v2.15.4/goreleaser_Linux_arm64.tar.gz"
provenance = "github-attestations"

[tools."aqua:goreleaser/goreleaser"."platforms.linux-x64"]
checksum = "sha256:aae00c71a4a6d55e08cce9273a1516bdce33c1e07cffb7e502fa6fec4377dede"
url = "https://github.com/goreleaser/goreleaser/releases/download/v2.15.4/goreleaser_Linux_x86_64.tar.gz"
provenance = "github-attestations"

[tools."aqua:goreleaser/goreleaser"."platforms.linux-x64-musl"]
checksum = "sha256:aae00c71a4a6d55e08cce9273a1516bdce33c1e07cffb7e502fa6fec4377dede"
url = "https://github.com/goreleaser/goreleaser/releases/download/v2.15.4/goreleaser_Linux_x86_64.tar.gz"
provenance = "github-attestations"

[tools."aqua:goreleaser/goreleaser"."platforms.macos-arm64"]
checksum = "sha256:82d730f3366350c90d7e5df3cf9e8e425fd1c84bf7d7e3e564f92d97c5ea9ea4"
url = "https://github.com/goreleaser/goreleaser/releases/download/v2.15.4/goreleaser_Darwin_all.tar.gz"
provenance = "github-attestations"

[tools."aqua:goreleaser/goreleaser"."platforms.macos-x64"]
checksum = "sha256:82d730f3366350c90d7e5df3cf9e8e425fd1c84bf7d7e3e564f92d97c5ea9ea4"
url = "https://github.com/goreleaser/goreleaser/releases/download/v2.15.4/goreleaser_Darwin_all.tar.gz"
provenance = "github-attestations"

[tools."aqua:goreleaser/goreleaser"."platforms.windows-x64"]
checksum = "sha256:146695f49717dfd79d64d5d6f4b1d25e2b56d73e723bbf68a8dc13ce5cf69693"
url = "https://github.com/goreleaser/goreleaser/releases/download/v2.15.4/goreleaser_Windows_x86_64.zip"
provenance = "github-attestations"

[[tools."aqua:int128/ghcp"]]
version = "1.15.3"
backend = "aqua:int128/ghcp"

[tools."aqua:int128/ghcp"."platforms.linux-arm64"]
checksum = "sha256:4e4a750eae73f3c63084e9e4a97b93ffc44dd60b64ff587df98f7bfa85199901"
url = "https://github.com/int128/ghcp/releases/download/v1.15.3/ghcp_linux_arm64.zip"

[tools."aqua:int128/ghcp"."platforms.linux-arm64-musl"]
checksum = "sha256:4e4a750eae73f3c63084e9e4a97b93ffc44dd60b64ff587df98f7bfa85199901"
url = "https://github.com/int128/ghcp/releases/download/v1.15.3/ghcp_linux_arm64.zip"

[tools."aqua:int128/ghcp"."platforms.linux-x64"]
checksum = "sha256:537b71c1382fc95c73702d4ba0fc1a2465842a1c20f9987d75b5c7581ba115ea"
url = "https://github.com/int128/ghcp/releases/download/v1.15.3/ghcp_linux_amd64.zip"

[tools."aqua:int128/ghcp"."platforms.linux-x64-musl"]
checksum = "sha256:537b71c1382fc95c73702d4ba0fc1a2465842a1c20f9987d75b5c7581ba115ea"
url = "https://github.com/int128/ghcp/releases/download/v1.15.3/ghcp_linux_amd64.zip"

[tools."aqua:int128/ghcp"."platforms.macos-arm64"]
checksum = "sha256:83c8fb1e167adbfbe767288e9679d1a34b8a59241e56f84379ff9b9e1ae709f2"
url = "https://github.com/int128/ghcp/releases/download/v1.15.3/ghcp_darwin_arm64.zip"

[tools."aqua:int128/ghcp"."platforms.macos-x64"]
checksum = "sha256:5553fba0e479ec6ae55a479399e64fe78a1b0242e85b8be2c65e2ba6a1d4aef9"
url = "https://github.com/int128/ghcp/releases/download/v1.15.3/ghcp_darwin_amd64.zip"

[tools."aqua:int128/ghcp"."platforms.windows-x64"]
checksum = "sha256:42b101dfaa7e7a66585ecbf262c2c2111bbd00e7cdb063b554bc7df467744cb1"
url = "https://github.com/int128/ghcp/releases/download/v1.15.3/ghcp_windows_amd64.zip"

[[tools.go]]
version = "1.26.2"
backend = "core:go"

[tools.go."platforms.linux-arm64"]
checksum = "sha256:c958a1fe1b361391db163a485e21f5f228142d6f8b584f6bef89b26f66dc5b23"
url = "https://dl.google.com/go/go1.26.2.linux-arm64.tar.gz"

[tools.go."platforms.linux-arm64-musl"]
checksum = "sha256:c958a1fe1b361391db163a485e21f5f228142d6f8b584f6bef89b26f66dc5b23"
url = "https://dl.google.com/go/go1.26.2.linux-arm64.tar.gz"

[tools.go."platforms.linux-x64"]
checksum = "sha256:990e6b4bbba816dc3ee129eaeaf4b42f17c2800b88a2166c265ac1a200262282"
url = "https://dl.google.com/go/go1.26.2.linux-amd64.tar.gz"

[tools.go."platforms.linux-x64-musl"]
checksum = "sha256:990e6b4bbba816dc3ee129eaeaf4b42f17c2800b88a2166c265ac1a200262282"
url = "https://dl.google.com/go/go1.26.2.linux-amd64.tar.gz"

[tools.go."platforms.macos-arm64"]
checksum = "sha256:32af1522bf3e3ff3975864780a429cc0b41d190ec7bf90faa661d6d64566e7af"
url = "https://dl.google.com/go/go1.26.2.darwin-arm64.tar.gz"

[tools.go."platforms.macos-x64"]
checksum = "sha256:bc3f1500d9968c36d705442d90ba91addf9271665033748b82532682e90a7966"
url = "https://dl.google.com/go/go1.26.2.darwin-amd64.tar.gz"

[tools.go."platforms.windows-x64"]
checksum = "sha256:98eb3570bade15cb826b0909338df6cc6d2cf590bc39c471142002db3832b708"
url = "https://dl.google.com/go/go1.26.2.windows-amd64.zip"

[[tools.trunk]]
version = "1.3.4"
backend = "npm:@trunkio/launcher"
